{
  "name": "AdventOfCode2024",
  "lockfileVersion": 3,
  "requires": true,
  "packages": {
    "": {
      "dependencies": {
        "aocjs": "^1.0.2"
      }
    },
    "node_modules/aocjs": {
      "version": "1.0.2",
      "resolved": "https://registry.npmjs.org/aocjs/-/aocjs-1.0.2.tgz",
      "integrity": "sha512-C0TAALaZqaXw+uFOS9s4dXcbOEpsIC7uhONMJqKbCcZHs67dn8XGuvD0VkUJoONruaKzEyJxVmu4nuWKxGthfw==",
      "license": "MIT"
    }
  }
}
